
Microsoft Visual Studio Solution File, Format Version 12.00
# Visual Studio 15
VisualStudioVersion = 15.0.26430.14
MinimumVisualStudioVersion = 10.0.40219.1
Project("{9A19103F-16F7-4668-BE54-9A1E7A4F7556}") = "CaixaEletronico.Api", "CaixaEletronico.Api\CaixaEletronico.Api.csproj", "{B32933F9-0BB4-4BA8-B266-09CC59E5BC52}"
EndProject
Project("{9A19103F-16F7-4668-BE54-9A1E7A4F7556}") = "CaixaEletronico.Domain", "CaixaEletronico.Domain\CaixaEletronico.Domain.csproj", "{7D026745-E6B9-4A29-B8C5-A2ED24CC597B}"
EndProject
Project("{9A19103F-16F7-4668-BE54-9A1E7A4F7556}") = "CaixaEletronico.Domain.Test", "CaixaEletronico.Domain.Test\CaixaEletronico.Domain.Test.csproj", "{2F0E8A6F-FB32-4315-801E-155F1F93D947}"
EndProject
Global
	GlobalSection(SolutionConfigurationPlatforms) = preSolution
		Debug|Any CPU = Debug|Any CPU
		Release|Any CPU = Release|Any CPU
	EndGlobalSection
	GlobalSection(ProjectConfigurationPlatforms) = postSolution
		{B32933F9-0BB4-4BA8-B266-09CC59E5BC52}.Debug|Any CPU.ActiveCfg = Debug|Any CPU
		{B32933F9-0BB4-4BA8-B266-09CC59E5BC52}.Debug|Any CPU.Build.0 = Debug|Any CPU
		{B32933F9-0BB4-4BA8-B266-09CC59E5BC52}.Release|Any CPU.ActiveCfg = Release|Any CPU
		{B32933F9-0BB4-4BA8-B266-09CC59E5BC52}.Release|Any CPU.Build.0 = Release|Any CPU
		{7D026745-E6B9-4A29-B8C5-A2ED24CC597B}.Debug|Any CPU.ActiveCfg = Debug|Any CPU
		{7D026745-E6B9-4A29-B8C5-A2ED24CC597B}.Debug|Any CPU.Build.0 = Debug|Any CPU
		{7D026745-E6B9-4A29-B8C5-A2ED24CC597B}.Release|Any CPU.ActiveCfg = Release|Any CPU
		{7D026745-E6B9-4A29-B8C5-A2ED24CC597B}.Release|Any CPU.Build.0 = Release|Any CPU
		{2F0E8A6F-FB32-4315-801E-155F1F93D947}.Debug|Any CPU.ActiveCfg = Debug|Any CPU
		{2F0E8A6F-FB32-4315-801E-155F1F93D947}.Debug|Any CPU.Build.0 = Debug|Any CPU
		{2F0E8A6F-FB32-4315-801E-155F1F93D947}.Release|Any CPU.ActiveCfg = Release|Any CPU
		{2F0E8A6F-FB32-4315-801E-155F1F93D947}.Release|Any CPU.Build.0 = Release|Any CPU
	EndGlobalSection
	GlobalSection(SolutionProperties) = preSolution
		HideSolutionNode = FALSE
	EndGlobalSection
	GlobalSection(ExtensibilityGlobals) = postSolution
		SolutionGuid = {EE32D426-1637-4FAD-9DF5-8F9CAA83441F}
	EndGlobalSection
EndGlobal
